
Microsoft Visual Studio Solution File, Format Version 12.00
# Visual Studio Version 17
VisualStudioVersion = 17.6.33712.159
MinimumVisualStudioVersion = 10.0.40219.1
Project("{8BC9CEB8-8B4A-11D0-8D11-00A0C91BC942}") = "learn", "learn.vcxproj", "{C3C69341-21B0-4160-96A0-99A2F8FB9632}"
EndProject
Global
	GlobalSection(SolutionConfigurationPlatforms) = preSolution
		Debug|x64 = Debug|x64
		Debug|x86 = Debug|x86
		Release|x64 = Release|x64
		Release|x86 = Release|x86
	EndGlobalSection
	GlobalSection(ProjectConfigurationPlatforms) = postSolution
		{C3C69341-21B0-4160-96A0-99A2F8FB9632}.Debug|x64.ActiveCfg = Debug|x64
		{C3C69341-21B0-4160-96A0-99A2F8FB9632}.Debug|x64.Build.0 = Debug|x64
		{C3C69341-21B0-4160-96A0-99A2F8FB9632}.Debug|x86.ActiveCfg = Debug|Win32
		{C3C69341-21B0-4160-96A0-99A2F8FB9632}.Debug|x86.Build.0 = Debug|Win32
		{C3C69341-21B0-4160-96A0-99A2F8FB9632}.Release|x64.ActiveCfg = Release|x64
		{C3C69341-21B0-4160-96A0-99A2F8FB9632}.Release|x64.Build.0 = Release|x64
		{C3C69341-21B0-4160-96A0-99A2F8FB9632}.Release|x86.ActiveCfg = Release|Win32
		{C3C69341-21B0-4160-96A0-99A2F8FB9632}.Release|x86.Build.0 = Release|Win32
	EndGlobalSection
	GlobalSection(SolutionProperties) = preSolution
		HideSolutionNode = FALSE
	EndGlobalSection
	GlobalSection(ExtensibilityGlobals) = postSolution
		SolutionGuid = {2A27AFA2-4381-4402-9D4F-68D857E2CB73}
	EndGlobalSection
EndGlobal
